
Microsoft Visual Studio Solution File, Format Version 12.00
# Visual Studio Version 17
VisualStudioVersion = 17.0.31903.59
MinimumVisualStudioVersion = 10.0.40219.1
Project("{2150E333-8FDC-42A3-9474-1A3956D46DE8}") = "Services", "Services", "{38E1C24E-5886-4F2B-B944-9669B4C99340}"
EndProject
Project("{2150E333-8FDC-42A3-9474-1A3956D46DE8}") = "Identity", "Identity", "{7B2A9482-1D7F-4258-BA92-419BDC046490}"
EndProject
Project("{2150E333-8FDC-42A3-9474-1A3956D46DE8}") = "Product", "Product", "{5998E990-3D03-4A60-85F0-837FEC2269D4}"
EndProject
Project("{2150E333-8FDC-42A3-9474-1A3956D46DE8}") = "Sales", "Sales", "{4ADA5DC2-624C-40B4-A42E-9CFB9D4B5181}"
EndProject
Project("{2150E333-8FDC-42A3-9474-1A3956D46DE8}") = "Category", "Category", "{8F990B4C-2E79-45F8-9E1E-1545AA4CC824}"
EndProject
Project("{2150E333-8FDC-42A3-9474-1A3956D46DE8}") = "Client", "Client", "{78570BBC-1354-4602-82DD-A18D004819F4}"
EndProject
Project("{2150E333-8FDC-42A3-9474-1A3956D46DE8}") = "Payment", "Payment", "{03C94635-16D5-419A-A296-95891D69EF02}"
EndProject
Project("{2150E333-8FDC-42A3-9474-1A3956D46DE8}") = "Report", "Report", "{2912A7AF-2977-4563-A3C0-9E4789978A0D}"
EndProject
Project("{2150E333-8FDC-42A3-9474-1A3956D46DE8}") = "ELK", "ELK", "{BB69586B-5312-4CB8-94AA-F2B6EB940E49}"
EndProject
Project("{FAE04EC0-301F-11D3-BF4B-00C04F79EFBC}") = "FS.Category.API", "FS.Category.API\FS.Category.API.csproj", "{C55AC88A-E83F-41EF-B31A-27B569414D10}"
EndProject
Project("{FAE04EC0-301F-11D3-BF4B-00C04F79EFBC}") = "FS.Client.API", "FS.Client.API\FS.Client.API.csproj", "{1BF81609-F5E8-4869-B130-7D4A91596A92}"
EndProject
Project("{FAE04EC0-301F-11D3-BF4B-00C04F79EFBC}") = "FS.Payment.API", "FS.Payment.API\FS.Payment.API.csproj", "{B1DC963D-F0D3-4653-83A6-F2E792AB2A02}"
EndProject
Project("{FAE04EC0-301F-11D3-BF4B-00C04F79EFBC}") = "FS.Product.API", "FS.Product.API\FS.Product.API.csproj", "{E040785A-FDFB-482A-B279-503C47362314}"
EndProject
Project("{FAE04EC0-301F-11D3-BF4B-00C04F79EFBC}") = "FS.Report.API", "FS.Report.API\FS.Report.API.csproj", "{FA825FE8-CAA4-49AF-AB75-F7C76E6C96FD}"
EndProject
Project("{FAE04EC0-301F-11D3-BF4B-00C04F79EFBC}") = "FS.Sales.API", "FS.Sales.API\FS.Sales.API.csproj", "{3BBD8027-65DA-42FE-846B-6718E7C94F57}"
EndProject
Project("{FAE04EC0-301F-11D3-BF4B-00C04F79EFBC}") = "FS.ELK.API", "FS.ELK.API\FS.ELK.API.csproj", "{07AB9F49-D8FD-47FA-B663-A88D2F8521B1}"
EndProject
Project("{FAE04EC0-301F-11D3-BF4B-00C04F79EFBC}") = "FS.Identity.API", "FS.Identity.API\FS.Identity.API.csproj", "{ED90AFA2-51EF-44BB-B8CC-A5DEB4E465D5}"
EndProject
Project("{2150E333-8FDC-42A3-9474-1A3956D46DE8}") = "Building Blocks", "Building Blocks", "{181709C7-FED5-4BF2-BD1E-A9A578679E63}"
EndProject
Project("{2150E333-8FDC-42A3-9474-1A3956D46DE8}") = "Core", "Core", "{9C22F8CB-DF78-4120-B2F5-91E18C6B51B7}"
EndProject
Project("{FAE04EC0-301F-11D3-BF4B-00C04F79EFBC}") = "FS.Core", "FS.Core\FS.Core.csproj", "{FB9C64B7-D1A4-48F2-89E8-62FE6477A5EC}"
EndProject
Global
	GlobalSection(SolutionConfigurationPlatforms) = preSolution
		Debug|Any CPU = Debug|Any CPU
		Release|Any CPU = Release|Any CPU
	EndGlobalSection
	GlobalSection(SolutionProperties) = preSolution
		HideSolutionNode = FALSE
	EndGlobalSection
	GlobalSection(NestedProjects) = preSolution
		{FB9C64B7-D1A4-48F2-89E8-62FE6477A5EC} = {9C22F8CB-DF78-4120-B2F5-91E18C6B51B7}
		{9C22F8CB-DF78-4120-B2F5-91E18C6B51B7} = {181709C7-FED5-4BF2-BD1E-A9A578679E63}
		{ED90AFA2-51EF-44BB-B8CC-A5DEB4E465D5} = {7B2A9482-1D7F-4258-BA92-419BDC046490}
		{07AB9F49-D8FD-47FA-B663-A88D2F8521B1} = {BB69586B-5312-4CB8-94AA-F2B6EB940E49}
		{3BBD8027-65DA-42FE-846B-6718E7C94F57} = {4ADA5DC2-624C-40B4-A42E-9CFB9D4B5181}
		{FA825FE8-CAA4-49AF-AB75-F7C76E6C96FD} = {2912A7AF-2977-4563-A3C0-9E4789978A0D}
		{E040785A-FDFB-482A-B279-503C47362314} = {5998E990-3D03-4A60-85F0-837FEC2269D4}
		{B1DC963D-F0D3-4653-83A6-F2E792AB2A02} = {03C94635-16D5-419A-A296-95891D69EF02}
		{1BF81609-F5E8-4869-B130-7D4A91596A92} = {78570BBC-1354-4602-82DD-A18D004819F4}
		{C55AC88A-E83F-41EF-B31A-27B569414D10} = {8F990B4C-2E79-45F8-9E1E-1545AA4CC824}
		{BB69586B-5312-4CB8-94AA-F2B6EB940E49} = {38E1C24E-5886-4F2B-B944-9669B4C99340}
		{2912A7AF-2977-4563-A3C0-9E4789978A0D} = {38E1C24E-5886-4F2B-B944-9669B4C99340}
		{03C94635-16D5-419A-A296-95891D69EF02} = {38E1C24E-5886-4F2B-B944-9669B4C99340}
		{78570BBC-1354-4602-82DD-A18D004819F4} = {38E1C24E-5886-4F2B-B944-9669B4C99340}
		{8F990B4C-2E79-45F8-9E1E-1545AA4CC824} = {38E1C24E-5886-4F2B-B944-9669B4C99340}
		{4ADA5DC2-624C-40B4-A42E-9CFB9D4B5181} = {38E1C24E-5886-4F2B-B944-9669B4C99340}
		{5998E990-3D03-4A60-85F0-837FEC2269D4} = {38E1C24E-5886-4F2B-B944-9669B4C99340}
		{7B2A9482-1D7F-4258-BA92-419BDC046490} = {38E1C24E-5886-4F2B-B944-9669B4C99340}
	EndGlobalSection
	GlobalSection(ProjectConfigurationPlatforms) = postSolution
		{C55AC88A-E83F-41EF-B31A-27B569414D10}.Debug|Any CPU.ActiveCfg = Debug|Any CPU
		{C55AC88A-E83F-41EF-B31A-27B569414D10}.Debug|Any CPU.Build.0 = Debug|Any CPU
		{C55AC88A-E83F-41EF-B31A-27B569414D10}.Release|Any CPU.ActiveCfg = Release|Any CPU
		{C55AC88A-E83F-41EF-B31A-27B569414D10}.Release|Any CPU.Build.0 = Release|Any CPU
		{1BF81609-F5E8-4869-B130-7D4A91596A92}.Debug|Any CPU.ActiveCfg = Debug|Any CPU
		{1BF81609-F5E8-4869-B130-7D4A91596A92}.Debug|Any CPU.Build.0 = Debug|Any CPU
		{1BF81609-F5E8-4869-B130-7D4A91596A92}.Release|Any CPU.ActiveCfg = Release|Any CPU
		{1BF81609-F5E8-4869-B130-7D4A91596A92}.Release|Any CPU.Build.0 = Release|Any CPU
		{B1DC963D-F0D3-4653-83A6-F2E792AB2A02}.Debug|Any CPU.ActiveCfg = Debug|Any CPU
		{B1DC963D-F0D3-4653-83A6-F2E792AB2A02}.Debug|Any CPU.Build.0 = Debug|Any CPU
		{B1DC963D-F0D3-4653-83A6-F2E792AB2A02}.Release|Any CPU.ActiveCfg = Release|Any CPU
		{B1DC963D-F0D3-4653-83A6-F2E792AB2A02}.Release|Any CPU.Build.0 = Release|Any CPU
		{E040785A-FDFB-482A-B279-503C47362314}.Debug|Any CPU.ActiveCfg = Debug|Any CPU
		{E040785A-FDFB-482A-B279-503C47362314}.Debug|Any CPU.Build.0 = Debug|Any CPU
		{E040785A-FDFB-482A-B279-503C47362314}.Release|Any CPU.ActiveCfg = Release|Any CPU
		{E040785A-FDFB-482A-B279-503C47362314}.Release|Any CPU.Build.0 = Release|Any CPU
		{FA825FE8-CAA4-49AF-AB75-F7C76E6C96FD}.Debug|Any CPU.ActiveCfg = Debug|Any CPU
		{FA825FE8-CAA4-49AF-AB75-F7C76E6C96FD}.Debug|Any CPU.Build.0 = Debug|Any CPU
		{FA825FE8-CAA4-49AF-AB75-F7C76E6C96FD}.Release|Any CPU.ActiveCfg = Release|Any CPU
		{FA825FE8-CAA4-49AF-AB75-F7C76E6C96FD}.Release|Any CPU.Build.0 = Release|Any CPU
		{3BBD8027-65DA-42FE-846B-6718E7C94F57}.Debug|Any CPU.ActiveCfg = Debug|Any CPU
		{3BBD8027-65DA-42FE-846B-6718E7C94F57}.Debug|Any CPU.Build.0 = Debug|Any CPU
		{3BBD8027-65DA-42FE-846B-6718E7C94F57}.Release|Any CPU.ActiveCfg = Release|Any CPU
		{3BBD8027-65DA-42FE-846B-6718E7C94F57}.Release|Any CPU.Build.0 = Release|Any CPU
		{07AB9F49-D8FD-47FA-B663-A88D2F8521B1}.Debug|Any CPU.ActiveCfg = Debug|Any CPU
		{07AB9F49-D8FD-47FA-B663-A88D2F8521B1}.Debug|Any CPU.Build.0 = Debug|Any CPU
		{07AB9F49-D8FD-47FA-B663-A88D2F8521B1}.Release|Any CPU.ActiveCfg = Release|Any CPU
		{07AB9F49-D8FD-47FA-B663-A88D2F8521B1}.Release|Any CPU.Build.0 = Release|Any CPU
		{ED90AFA2-51EF-44BB-B8CC-A5DEB4E465D5}.Debug|Any CPU.ActiveCfg = Debug|Any CPU
		{ED90AFA2-51EF-44BB-B8CC-A5DEB4E465D5}.Debug|Any CPU.Build.0 = Debug|Any CPU
		{ED90AFA2-51EF-44BB-B8CC-A5DEB4E465D5}.Release|Any CPU.ActiveCfg = Release|Any CPU
		{ED90AFA2-51EF-44BB-B8CC-A5DEB4E465D5}.Release|Any CPU.Build.0 = Release|Any CPU
		{FB9C64B7-D1A4-48F2-89E8-62FE6477A5EC}.Debug|Any CPU.ActiveCfg = Debug|Any CPU
		{FB9C64B7-D1A4-48F2-89E8-62FE6477A5EC}.Debug|Any CPU.Build.0 = Debug|Any CPU
		{FB9C64B7-D1A4-48F2-89E8-62FE6477A5EC}.Release|Any CPU.ActiveCfg = Release|Any CPU
		{FB9C64B7-D1A4-48F2-89E8-62FE6477A5EC}.Release|Any CPU.Build.0 = Release|Any CPU
	EndGlobalSection
EndGlobal
